
Microsoft Visual Studio Solution File, Format Version 12.00
# Visual Studio Version 16
VisualStudioVersion = 16.0.30611.23
MinimumVisualStudioVersion = 10.0.40219.1
Project("{9A19103F-16F7-4668-BE54-9A1E7A4F7556}") = "2RingEmployeesMgmt", "2RingEmployeesMgmt\2RingEmployeesMgmt.csproj", "{74DC5B1C-5663-4387-BAB4-C186A254C00A}"
EndProject
Project("{9A19103F-16F7-4668-BE54-9A1E7A4F7556}") = "Domain.Models", "Domain.Models\Domain.Models.csproj", "{0881815D-B57E-406F-980B-657F7808E879}"
EndProject
Project("{9A19103F-16F7-4668-BE54-9A1E7A4F7556}") = "Domain.Services", "Domain.Services\Domain.Services.csproj", "{ADE0A77B-3918-404B-9E47-2768CA35C4C5}"
EndProject
Project("{9A19103F-16F7-4668-BE54-9A1E7A4F7556}") = "Infrastructure", "Infrastructure\Infrastructure.csproj", "{EA35D450-5421-44A9-8F48-5E94D9C7E67E}"
EndProject
Project("{FAE04EC0-301F-11D3-BF4B-00C04F79EFBC}") = "Tests", "Tests\Tests.csproj", "{12DCDC77-3FA9-484B-BC6D-4616F46D51A5}"
EndProject
Global
	GlobalSection(SolutionConfigurationPlatforms) = preSolution
		Debug|Any CPU = Debug|Any CPU
		Release|Any CPU = Release|Any CPU
	EndGlobalSection
	GlobalSection(ProjectConfigurationPlatforms) = postSolution
		{74DC5B1C-5663-4387-BAB4-C186A254C00A}.Debug|Any CPU.ActiveCfg = Debug|Any CPU
		{74DC5B1C-5663-4387-BAB4-C186A254C00A}.Debug|Any CPU.Build.0 = Debug|Any CPU
		{74DC5B1C-5663-4387-BAB4-C186A254C00A}.Release|Any CPU.ActiveCfg = Release|Any CPU
		{74DC5B1C-5663-4387-BAB4-C186A254C00A}.Release|Any CPU.Build.0 = Release|Any CPU
		{0881815D-B57E-406F-980B-657F7808E879}.Debug|Any CPU.ActiveCfg = Debug|Any CPU
		{0881815D-B57E-406F-980B-657F7808E879}.Debug|Any CPU.Build.0 = Debug|Any CPU
		{0881815D-B57E-406F-980B-657F7808E879}.Release|Any CPU.ActiveCfg = Release|Any CPU
		{0881815D-B57E-406F-980B-657F7808E879}.Release|Any CPU.Build.0 = Release|Any CPU
		{ADE0A77B-3918-404B-9E47-2768CA35C4C5}.Debug|Any CPU.ActiveCfg = Debug|Any CPU
		{ADE0A77B-3918-404B-9E47-2768CA35C4C5}.Debug|Any CPU.Build.0 = Debug|Any CPU
		{ADE0A77B-3918-404B-9E47-2768CA35C4C5}.Release|Any CPU.ActiveCfg = Release|Any CPU
		{ADE0A77B-3918-404B-9E47-2768CA35C4C5}.Release|Any CPU.Build.0 = Release|Any CPU
		{EA35D450-5421-44A9-8F48-5E94D9C7E67E}.Debug|Any CPU.ActiveCfg = Debug|Any CPU
		{EA35D450-5421-44A9-8F48-5E94D9C7E67E}.Debug|Any CPU.Build.0 = Debug|Any CPU
		{EA35D450-5421-44A9-8F48-5E94D9C7E67E}.Release|Any CPU.ActiveCfg = Release|Any CPU
		{EA35D450-5421-44A9-8F48-5E94D9C7E67E}.Release|Any CPU.Build.0 = Release|Any CPU
		{12DCDC77-3FA9-484B-BC6D-4616F46D51A5}.Debug|Any CPU.ActiveCfg = Debug|Any CPU
		{12DCDC77-3FA9-484B-BC6D-4616F46D51A5}.Debug|Any CPU.Build.0 = Debug|Any CPU
		{12DCDC77-3FA9-484B-BC6D-4616F46D51A5}.Release|Any CPU.ActiveCfg = Release|Any CPU
		{12DCDC77-3FA9-484B-BC6D-4616F46D51A5}.Release|Any CPU.Build.0 = Release|Any CPU
	EndGlobalSection
	GlobalSection(SolutionProperties) = preSolution
		HideSolutionNode = FALSE
	EndGlobalSection
	GlobalSection(ExtensibilityGlobals) = postSolution
		SolutionGuid = {0164F2C2-9A8C-48DB-9954-19E5E0B5BDF3}
	EndGlobalSection
EndGlobal
